github.com/keybase/go-ps v0.0.0-20161005175911-668c8856d999 h1:2d+FLQbz4xRTi36DO1qYNUwfORax9XcQ0jhbO81Vago=
github.com/keybase/go-ps v0.0.0-20161005175911-668c8856d999/go.mod h1:hY+WOq6m2FpbvyrI93sMaypsttvaIL5nhVR92dTMUcQ=
github.com/shirou/gopsutil v2.18.12+incompatible h1:1eaJvGomDnH74/5cF4CTmTbLHAriGFsTZppLXDX93OM=
github.com/shirou/gopsutil v2.18.12+incompatible/go.mod h1:5b4v6he4MtMOwMlS0TUMTu2PcXUg8+E1lC7eC3UO/RA=
golang.org/x/sys v0.0.0-20190419153524-e8e3143a4f4a h1:XCr/YX7O0uxRkLq2k1ApNQMims9eCioF9UpzIPBDmuo=
golang.org/x/sys v0.0.0-20190419153524-e8e3143a4f4a/go.mod h1:h1NjWce9XRLGQEsW7wpKNCjG9DtNlClVuFLEZdDNbEs=
